
Microsoft Visual Studio Solution File, Format Version 12.00
# Visual Studio Version 16
VisualStudioVersion = 16.0.33328.57
MinimumVisualStudioVersion = 10.0.40219.1
Project("{FAE04EC0-301F-11D3-BF4B-00C04F79EFBC}") = "CalcApi2", "CalcApi2\CalcApi2.csproj", "{A2B34687-0DAC-4D1B-8EFE-5F68C06E2141}"
EndProject
Global
	GlobalSection(SolutionConfigurationPlatforms) = preSolution
		Debug|Any CPU = Debug|Any CPU
		Release|Any CPU = Release|Any CPU
	EndGlobalSection
	GlobalSection(ProjectConfigurationPlatforms) = postSolution
		{A2B34687-0DAC-4D1B-8EFE-5F68C06E2141}.Debug|Any CPU.ActiveCfg = Debug|Any CPU
		{A2B34687-0DAC-4D1B-8EFE-5F68C06E2141}.Debug|Any CPU.Build.0 = Debug|Any CPU
		{A2B34687-0DAC-4D1B-8EFE-5F68C06E2141}.Release|Any CPU.ActiveCfg = Release|Any CPU
		{A2B34687-0DAC-4D1B-8EFE-5F68C06E2141}.Release|Any CPU.Build.0 = Release|Any CPU
	EndGlobalSection
	GlobalSection(SolutionProperties) = preSolution
		HideSolutionNode = FALSE
	EndGlobalSection
	GlobalSection(ExtensibilityGlobals) = postSolution
		SolutionGuid = {D178149E-59EE-44CB-8683-3C7E3FCE544D}
	EndGlobalSection
EndGlobal
